
Microsoft Visual Studio Solution File, Format Version 12.00
# Visual Studio Version 16
VisualStudioVersion = 16.0.29709.97
MinimumVisualStudioVersion = 10.0.40219.1
Project("{FAE04EC0-301F-11D3-BF4B-00C04F79EFBC}") = "ComicBud.Android", "ComicBud\ComicBud.Android\ComicBud.Android.csproj", "{ED2A2ECB-41D6-4F1B-B8B2-52C8ACCF0A10}"
EndProject
Project("{FAE04EC0-301F-11D3-BF4B-00C04F79EFBC}") = "ComicBud.iOS", "ComicBud\ComicBud.iOS\ComicBud.iOS.csproj", "{FF7B4338-B893-49BF-B7BC-8D58C088E5E4}"
EndProject
Project("{FAE04EC0-301F-11D3-BF4B-00C04F79EFBC}") = "ComicBud", "ComicBud\ComicBud\ComicBud.csproj", "{8C55CAFB-54C5-455D-B477-66BF3E7A067A}"
EndProject
Global
	GlobalSection(SolutionConfigurationPlatforms) = preSolution
		Debug|Any CPU = Debug|Any CPU
		Debug|iPhone = Debug|iPhone
		Debug|iPhoneSimulator = Debug|iPhoneSimulator
		Release|Any CPU = Release|Any CPU
		Release|iPhone = Release|iPhone
		Release|iPhoneSimulator = Release|iPhoneSimulator
	EndGlobalSection
	GlobalSection(ProjectConfigurationPlatforms) = postSolution
		{ED2A2ECB-41D6-4F1B-B8B2-52C8ACCF0A10}.Debug|Any CPU.ActiveCfg = Debug|Any CPU
		{ED2A2ECB-41D6-4F1B-B8B2-52C8ACCF0A10}.Debug|Any CPU.Build.0 = Debug|Any CPU
		{ED2A2ECB-41D6-4F1B-B8B2-52C8ACCF0A10}.Debug|Any CPU.Deploy.0 = Debug|Any CPU
		{ED2A2ECB-41D6-4F1B-B8B2-52C8ACCF0A10}.Debug|iPhone.ActiveCfg = Debug|Any CPU
		{ED2A2ECB-41D6-4F1B-B8B2-52C8ACCF0A10}.Debug|iPhone.Build.0 = Debug|Any CPU
		{ED2A2ECB-41D6-4F1B-B8B2-52C8ACCF0A10}.Debug|iPhone.Deploy.0 = Debug|Any CPU
		{ED2A2ECB-41D6-4F1B-B8B2-52C8ACCF0A10}.Debug|iPhoneSimulator.ActiveCfg = Debug|Any CPU
		{ED2A2ECB-41D6-4F1B-B8B2-52C8ACCF0A10}.Debug|iPhoneSimulator.Build.0 = Debug|Any CPU
		{ED2A2ECB-41D6-4F1B-B8B2-52C8ACCF0A10}.Debug|iPhoneSimulator.Deploy.0 = Debug|Any CPU
		{ED2A2ECB-41D6-4F1B-B8B2-52C8ACCF0A10}.Release|Any CPU.ActiveCfg = Release|Any CPU
		{ED2A2ECB-41D6-4F1B-B8B2-52C8ACCF0A10}.Release|Any CPU.Build.0 = Release|Any CPU
		{ED2A2ECB-41D6-4F1B-B8B2-52C8ACCF0A10}.Release|Any CPU.Deploy.0 = Release|Any CPU
		{ED2A2ECB-41D6-4F1B-B8B2-52C8ACCF0A10}.Release|iPhone.ActiveCfg = Release|Any CPU
		{ED2A2ECB-41D6-4F1B-B8B2-52C8ACCF0A10}.Release|iPhone.Build.0 = Release|Any CPU
		{ED2A2ECB-41D6-4F1B-B8B2-52C8ACCF0A10}.Release|iPhone.Deploy.0 = Release|Any CPU
		{ED2A2ECB-41D6-4F1B-B8B2-52C8ACCF0A10}.Release|iPhoneSimulator.ActiveCfg = Release|Any CPU
		{ED2A2ECB-41D6-4F1B-B8B2-52C8ACCF0A10}.Release|iPhoneSimulator.Build.0 = Release|Any CPU
		{ED2A2ECB-41D6-4F1B-B8B2-52C8ACCF0A10}.Release|iPhoneSimulator.Deploy.0 = Release|Any CPU
		{FF7B4338-B893-49BF-B7BC-8D58C088E5E4}.Debug|Any CPU.ActiveCfg = Debug|iPhoneSimulator
		{FF7B4338-B893-49BF-B7BC-8D58C088E5E4}.Debug|Any CPU.Build.0 = Debug|iPhoneSimulator
		{FF7B4338-B893-49BF-B7BC-8D58C088E5E4}.Debug|Any CPU.Deploy.0 = Debug|iPhoneSimulator
		{FF7B4338-B893-49BF-B7BC-8D58C088E5E4}.Debug|iPhone.ActiveCfg = Debug|iPhone
		{FF7B4338-B893-49BF-B7BC-8D58C088E5E4}.Debug|iPhone.Build.0 = Debug|iPhone
		{FF7B4338-B893-49BF-B7BC-8D58C088E5E4}.Debug|iPhone.Deploy.0 = Debug|iPhone
		{FF7B4338-B893-49BF-B7BC-8D58C088E5E4}.Debug|iPhoneSimulator.ActiveCfg = Debug|iPhoneSimulator
		{FF7B4338-B893-49BF-B7BC-8D58C088E5E4}.Debug|iPhoneSimulator.Build.0 = Debug|iPhoneSimulator
		{FF7B4338-B893-49BF-B7BC-8D58C088E5E4}.Debug|iPhoneSimulator.Deploy.0 = Debug|iPhoneSimulator
		{FF7B4338-B893-49BF-B7BC-8D58C088E5E4}.Release|Any CPU.ActiveCfg = Release|iPhone
		{FF7B4338-B893-49BF-B7BC-8D58C088E5E4}.Release|Any CPU.Build.0 = Release|iPhone
		{FF7B4338-B893-49BF-B7BC-8D58C088E5E4}.Release|Any CPU.Deploy.0 = Release|iPhone
		{FF7B4338-B893-49BF-B7BC-8D58C088E5E4}.Release|iPhone.ActiveCfg = Release|iPhone
		{FF7B4338-B893-49BF-B7BC-8D58C088E5E4}.Release|iPhone.Build.0 = Release|iPhone
		{FF7B4338-B893-49BF-B7BC-8D58C088E5E4}.Release|iPhone.Deploy.0 = Release|iPhone
		{FF7B4338-B893-49BF-B7BC-8D58C088E5E4}.Release|iPhoneSimulator.ActiveCfg = Release|iPhoneSimulator
		{FF7B4338-B893-49BF-B7BC-8D58C088E5E4}.Release|iPhoneSimulator.Build.0 = Release|iPhoneSimulator
		{FF7B4338-B893-49BF-B7BC-8D58C088E5E4}.Release|iPhoneSimulator.Deploy.0 = Release|iPhoneSimulator
		{8C55CAFB-54C5-455D-B477-66BF3E7A067A}.Debug|Any CPU.ActiveCfg = Debug|Any CPU
		{8C55CAFB-54C5-455D-B477-66BF3E7A067A}.Debug|Any CPU.Build.0 = Debug|Any CPU
		{8C55CAFB-54C5-455D-B477-66BF3E7A067A}.Debug|Any CPU.Deploy.0 = Debug|Any CPU
		{8C55CAFB-54C5-455D-B477-66BF3E7A067A}.Debug|iPhone.ActiveCfg = Debug|Any CPU
		{8C55CAFB-54C5-455D-B477-66BF3E7A067A}.Debug|iPhone.Build.0 = Debug|Any CPU
		{8C55CAFB-54C5-455D-B477-66BF3E7A067A}.Debug|iPhone.Deploy.0 = Debug|Any CPU
		{8C55CAFB-54C5-455D-B477-66BF3E7A067A}.Debug|iPhoneSimulator.ActiveCfg = Debug|Any CPU
		{8C55CAFB-54C5-455D-B477-66BF3E7A067A}.Debug|iPhoneSimulator.Build.0 = Debug|Any CPU
		{8C55CAFB-54C5-455D-B477-66BF3E7A067A}.Debug|iPhoneSimulator.Deploy.0 = Debug|Any CPU
		{8C55CAFB-54C5-455D-B477-66BF3E7A067A}.Release|Any CPU.ActiveCfg = Release|Any CPU
		{8C55CAFB-54C5-455D-B477-66BF3E7A067A}.Release|Any CPU.Build.0 = Release|Any CPU
		{8C55CAFB-54C5-455D-B477-66BF3E7A067A}.Release|Any CPU.Deploy.0 = Release|Any CPU
		{8C55CAFB-54C5-455D-B477-66BF3E7A067A}.Release|iPhone.ActiveCfg = Release|Any CPU
		{8C55CAFB-54C5-455D-B477-66BF3E7A067A}.Release|iPhone.Build.0 = Release|Any CPU
		{8C55CAFB-54C5-455D-B477-66BF3E7A067A}.Release|iPhone.Deploy.0 = Release|Any CPU
		{8C55CAFB-54C5-455D-B477-66BF3E7A067A}.Release|iPhoneSimulator.ActiveCfg = Release|Any CPU
		{8C55CAFB-54C5-455D-B477-66BF3E7A067A}.Release|iPhoneSimulator.Build.0 = Release|Any CPU
		{8C55CAFB-54C5-455D-B477-66BF3E7A067A}.Release|iPhoneSimulator.Deploy.0 = Release|Any CPU
	EndGlobalSection
	GlobalSection(SolutionProperties) = preSolution
		HideSolutionNode = FALSE
	EndGlobalSection
	GlobalSection(ExtensibilityGlobals) = postSolution
		SolutionGuid = {9A8705E6-95AC-4886-96F1-8FE09BA8A66B}
	EndGlobalSection
EndGlobal
